{
  "name": "workertopology",
  "version": "0.0.1",
  "lockfileVersion": 1,
  "requires": true,
  "dependencies": {
    "groupreducer": {
      "version": "0.5.1",
      "resolved": "https://registry.npmjs.org/groupreducer/-/groupreducer-0.5.1.tgz",
      "integrity": "sha512-PjRjk4rP0kRWrtf8ttRCizdaCWcxPvbw6qi1/4tYGEb0j+gUswjqKkoyhwDlnIGnCfhhiMXJE2ZUfKupTHnNxg=="
    }
  }
}
